
Microsoft Visual Studio Solution File, Format Version 10.00
# Visual Studio 2008
Project("{FAE04EC0-301F-11D3-BF4B-00C04F79EFBC}") = "PUS2", "PUS2\PUS2.csproj", "{33940A77-38F1-42B8-A9F0-0E3CCC9B0EDA}"
EndProject
Global
	GlobalSection(SubversionScc) = preSolution
		Svn-Managed = True
		Manager = AnkhSVN - Subversion Support for Visual Studio
	EndGlobalSection
	GlobalSection(SolutionConfigurationPlatforms) = preSolution
		Debug|Any CPU = Debug|Any CPU
		Release|Any CPU = Release|Any CPU
	EndGlobalSection
	GlobalSection(ProjectConfigurationPlatforms) = postSolution
		{33940A77-38F1-42B8-A9F0-0E3CCC9B0EDA}.Debug|Any CPU.ActiveCfg = Debug|Any CPU
		{33940A77-38F1-42B8-A9F0-0E3CCC9B0EDA}.Debug|Any CPU.Build.0 = Debug|Any CPU
		{33940A77-38F1-42B8-A9F0-0E3CCC9B0EDA}.Release|Any CPU.ActiveCfg = Release|Any CPU
		{33940A77-38F1-42B8-A9F0-0E3CCC9B0EDA}.Release|Any CPU.Build.0 = Release|Any CPU
	EndGlobalSection
	GlobalSection(SolutionProperties) = preSolution
		HideSolutionNode = FALSE
	EndGlobalSection
EndGlobal
