
Microsoft Visual Studio Solution File, Format Version 10.00
# Visual Studio 2008
Project("{8BC9CEB8-8B4A-11D0-8D11-00A0C91BC942}") = "1", "1\1.vcproj", "{D36388B4-8566-430A-94C6-228EFE95E80C}"
EndProject
Project("{8BC9CEB8-8B4A-11D0-8D11-00A0C91BC942}") = "1-client", "1-client\1-client.vcproj", "{458A995E-CF36-47D2-92E5-EF7AB098017F}"
EndProject
Global
	GlobalSection(SubversionScc) = preSolution
		Svn-Managed = True
		Manager = AnkhSVN - Subversion Support for Visual Studio
	EndGlobalSection
	GlobalSection(SolutionConfigurationPlatforms) = preSolution
		Debug|Win32 = Debug|Win32
		Release|Win32 = Release|Win32
	EndGlobalSection
	GlobalSection(ProjectConfigurationPlatforms) = postSolution
		{D36388B4-8566-430A-94C6-228EFE95E80C}.Debug|Win32.ActiveCfg = Debug|Win32
		{D36388B4-8566-430A-94C6-228EFE95E80C}.Debug|Win32.Build.0 = Debug|Win32
		{D36388B4-8566-430A-94C6-228EFE95E80C}.Release|Win32.ActiveCfg = Release|Win32
		{D36388B4-8566-430A-94C6-228EFE95E80C}.Release|Win32.Build.0 = Release|Win32
		{458A995E-CF36-47D2-92E5-EF7AB098017F}.Debug|Win32.ActiveCfg = Debug|Win32
		{458A995E-CF36-47D2-92E5-EF7AB098017F}.Debug|Win32.Build.0 = Debug|Win32
		{458A995E-CF36-47D2-92E5-EF7AB098017F}.Release|Win32.ActiveCfg = Release|Win32
		{458A995E-CF36-47D2-92E5-EF7AB098017F}.Release|Win32.Build.0 = Release|Win32
	EndGlobalSection
	GlobalSection(SolutionProperties) = preSolution
		HideSolutionNode = FALSE
	EndGlobalSection
EndGlobal
